
Microsoft Visual Studio Solution File, Format Version 11.00
# Visual Studio 2010
Project("{FAE04EC0-301F-11D3-BF4B-00C04F79EFBC}") = "Assembly-CSharp", "Assembly-CSharp.csproj", "{A18B8EE9-FC74-FE04-69D3-AD06E7D6C432}"
EndProject
Project("{FAE04EC0-301F-11D3-BF4B-00C04F79EFBC}") = "Assembly-CSharp-Editor", "Assembly-CSharp-Editor.csproj", "{B0B3E633-708F-41D7-AF6E-4053D7558AEC}"
EndProject
Global
	GlobalSection(SolutionConfigurationPlatforms) = preSolution
		Debug|Any CPU = Debug|Any CPU
		Release|Any CPU = Release|Any CPU
	EndGlobalSection
	GlobalSection(ProjectConfigurationPlatforms) = postSolution
		{A18B8EE9-FC74-FE04-69D3-AD06E7D6C432}.Debug|Any CPU.ActiveCfg = Debug|Any CPU
		{A18B8EE9-FC74-FE04-69D3-AD06E7D6C432}.Debug|Any CPU.Build.0 = Debug|Any CPU
		{A18B8EE9-FC74-FE04-69D3-AD06E7D6C432}.Release|Any CPU.ActiveCfg = Release|Any CPU
		{A18B8EE9-FC74-FE04-69D3-AD06E7D6C432}.Release|Any CPU.Build.0 = Release|Any CPU
		{B0B3E633-708F-41D7-AF6E-4053D7558AEC}.Debug|Any CPU.ActiveCfg = Debug|Any CPU
		{B0B3E633-708F-41D7-AF6E-4053D7558AEC}.Debug|Any CPU.Build.0 = Debug|Any CPU
		{B0B3E633-708F-41D7-AF6E-4053D7558AEC}.Release|Any CPU.ActiveCfg = Release|Any CPU
		{B0B3E633-708F-41D7-AF6E-4053D7558AEC}.Release|Any CPU.Build.0 = Release|Any CPU
	EndGlobalSection
	GlobalSection(SolutionProperties) = preSolution
		HideSolutionNode = FALSE
	EndGlobalSection
EndGlobal
